# This file is automatically @generated by Cargo.
# It is not intended for manual editing.
version = 4

[[package]]
name = "bitflags"
version = "2.13.0"
source = "registry+https://github.com/rust-lang/crates.io-index"
checksum = "b4388bee8683e3d04af747c73422af53102d2bd24d9eadb6cbc100baef4b43f8"

[[package]]
name = "libc"
version = "0.2.186"
source = "registry+https://github.com/rust-lang/crates.io-index"
checksum = "68ab91017fe16c622486840e4c83c9a37afeff978bd239b5293d61ece587de66"

[[package]]
name = "memmap2"
version = "0.9.11"
source = "registry+https://github.com/rust-lang/crates.io-index"
checksum = "d1219ed1b7f229ee7104d281dd01d6802fe28bb6e95d292942c4daacdeb798c0"
dependencies = [
 "libc",
]

[[package]]
name = "swisseph-ffi"
version = "0.2.0"
source = "git+ssh://git@github.com/ninthhousestudios/swisseph-rs?rev=d8ef3bb#d8ef3bb8e5afbf5ed893227df4883ed406949a9f"
dependencies = [
 "swisseph-rs",
]

[[package]]
name = "swisseph-rs"
version = "0.1.8"
source = "git+ssh://git@github.com/ninthhousestudios/swisseph-rs?rev=d8ef3bb#d8ef3bb8e5afbf5ed893227df4883ed406949a9f"
dependencies = [
 "bitflags",
 "memmap2",
]

[[package]]
name = "swisseph-rs-dart"
version = "0.0.1"
dependencies = [
 "swisseph-ffi",
]
